
Microsoft Visual Studio Solution File, Format Version 12.00
# Visual Studio Version 17
VisualStudioVersion = 17.9.34701.34
MinimumVisualStudioVersion = 10.0.40219.1
Project("{FAE04EC0-301F-11D3-BF4B-00C04F79EFBC}") = "AttemptZero", "AttemptZero\AttemptZero.csproj", "{50473910-DA63-45C7-BEAF-7AC8FC3A789B}"
EndProject
Global
	GlobalSection(SolutionConfigurationPlatforms) = preSolution
		Debug|Any CPU = Debug|Any CPU
		Release|Any CPU = Release|Any CPU
	EndGlobalSection
	GlobalSection(ProjectConfigurationPlatforms) = postSolution
		{50473910-DA63-45C7-BEAF-7AC8FC3A789B}.Debug|Any CPU.ActiveCfg = Debug|Any CPU
		{50473910-DA63-45C7-BEAF-7AC8FC3A789B}.Debug|Any CPU.Build.0 = Debug|Any CPU
		{50473910-DA63-45C7-BEAF-7AC8FC3A789B}.Release|Any CPU.ActiveCfg = Release|Any CPU
		{50473910-DA63-45C7-BEAF-7AC8FC3A789B}.Release|Any CPU.Build.0 = Release|Any CPU
	EndGlobalSection
	GlobalSection(SolutionProperties) = preSolution
		HideSolutionNode = FALSE
	EndGlobalSection
	GlobalSection(ExtensibilityGlobals) = postSolution
		SolutionGuid = {73948134-046D-45FE-8A3F-A3B9D96EAFDD}
	EndGlobalSection
EndGlobal
